
Microsoft Visual Studio Solution File, Format Version 12.00
# Visual Studio 14
VisualStudioVersion = 14.0.25123.0
MinimumVisualStudioVersion = 10.0.40219.1
Project("{FAE04EC0-301F-11D3-BF4B-00C04F79EFBC}") = "hackerranktest", "hackerranktest\hackerranktest.csproj", "{478AED60-7997-4482-A9A4-F2AB4233CCE6}"
EndProject
Project("{FAE04EC0-301F-11D3-BF4B-00C04F79EFBC}") = "hackerranktestTests", "hackerranktestTests\hackerranktestTests.csproj", "{ACFFF5D7-A457-434B-BE54-A736C23FFE0E}"
EndProject
Global
	GlobalSection(SolutionConfigurationPlatforms) = preSolution
		Debug|Any CPU = Debug|Any CPU
		Release|Any CPU = Release|Any CPU
	EndGlobalSection
	GlobalSection(ProjectConfigurationPlatforms) = postSolution
		{478AED60-7997-4482-A9A4-F2AB4233CCE6}.Debug|Any CPU.ActiveCfg = Debug|Any CPU
		{478AED60-7997-4482-A9A4-F2AB4233CCE6}.Debug|Any CPU.Build.0 = Debug|Any CPU
		{478AED60-7997-4482-A9A4-F2AB4233CCE6}.Release|Any CPU.ActiveCfg = Release|Any CPU
		{478AED60-7997-4482-A9A4-F2AB4233CCE6}.Release|Any CPU.Build.0 = Release|Any CPU
		{ACFFF5D7-A457-434B-BE54-A736C23FFE0E}.Debug|Any CPU.ActiveCfg = Debug|Any CPU
		{ACFFF5D7-A457-434B-BE54-A736C23FFE0E}.Debug|Any CPU.Build.0 = Debug|Any CPU
		{ACFFF5D7-A457-434B-BE54-A736C23FFE0E}.Release|Any CPU.ActiveCfg = Release|Any CPU
		{ACFFF5D7-A457-434B-BE54-A736C23FFE0E}.Release|Any CPU.Build.0 = Release|Any CPU
	EndGlobalSection
	GlobalSection(SolutionProperties) = preSolution
		HideSolutionNode = FALSE
	EndGlobalSection
EndGlobal
